
Microsoft Visual Studio Solution File, Format Version 12.00
# Visual Studio Version 16
VisualStudioVersion = 16.0.31321.278
MinimumVisualStudioVersion = 10.0.40219.1
Project("{FAE04EC0-301F-11D3-BF4B-00C04F79EFBC}") = "Lab3SPP", "Lab3SPP\Lab3SPP.csproj", "{7C954433-5D41-4882-AFFD-6BA252A0ACCF}"
EndProject
Global
	GlobalSection(SolutionConfigurationPlatforms) = preSolution
		Debug|Any CPU = Debug|Any CPU
		Release|Any CPU = Release|Any CPU
	EndGlobalSection
	GlobalSection(ProjectConfigurationPlatforms) = postSolution
		{7C954433-5D41-4882-AFFD-6BA252A0ACCF}.Debug|Any CPU.ActiveCfg = Debug|Any CPU
		{7C954433-5D41-4882-AFFD-6BA252A0ACCF}.Debug|Any CPU.Build.0 = Debug|Any CPU
		{7C954433-5D41-4882-AFFD-6BA252A0ACCF}.Release|Any CPU.ActiveCfg = Release|Any CPU
		{7C954433-5D41-4882-AFFD-6BA252A0ACCF}.Release|Any CPU.Build.0 = Release|Any CPU
	EndGlobalSection
	GlobalSection(SolutionProperties) = preSolution
		HideSolutionNode = FALSE
	EndGlobalSection
	GlobalSection(ExtensibilityGlobals) = postSolution
		SolutionGuid = {1F008539-3E1C-42B3-A04C-927E73AB5DC2}
	EndGlobalSection
EndGlobal
